
Microsoft Visual Studio Solution File, Format Version 12.00
# Visual Studio Version 17
VisualStudioVersion = 17.13.35828.75
MinimumVisualStudioVersion = 10.0.40219.1
Project("{FAE04EC0-301F-11D3-BF4B-00C04F79EFBC}") = "bv425dzWPF", "bv425dzWPF.csproj", "{C64E4A5A-FE34-4B46-ADDC-F7A07B086AE2}"
EndProject
Project("{FAE04EC0-301F-11D3-BF4B-00C04F79EFBC}") = "TableInDataGrid", "..\TableInDataGrid\TableInDataGrid.csproj", "{406A7B7D-85D1-40BA-AE3B-1DA52B94E928}"
EndProject
Project("{FAE04EC0-301F-11D3-BF4B-00C04F79EFBC}") = "TestsInDifferentWindows", "..\TestsInDifferentWindows\TestsInDifferentWindows.csproj", "{8C307C7D-6172-4A74-898A-318E2015728C}"
EndProject
Project("{FAE04EC0-301F-11D3-BF4B-00C04F79EFBC}") = "MenuWithFrames", "..\MenuWithFrames\MenuWithFrames.csproj", "{2B64920C-DB0A-4131-BFBF-94E7995419B6}"
EndProject
Project("{2150E333-8FDC-42A3-9474-1A3956D46DE8}") = "MVVM_TasksToDo", "MVVM_TasksToDo", "{36D591C7-65C7-A0D1-1CBC-10CDE441BDC8}"
EndProject
Project("{FAE04EC0-301F-11D3-BF4B-00C04F79EFBC}") = "View_TasksToDo", "..\View_TasksToDo\View_TasksToDo.csproj", "{8CE336EE-8099-4EEE-8B69-C22043947F15}"
EndProject
Project("{FAE04EC0-301F-11D3-BF4B-00C04F79EFBC}") = "ViewModel_TasksToDo", "..\ViewModel_TasksToDo\ViewModel_TasksToDo.csproj", "{A08589D9-903B-4F7A-BB3C-721CF20541E0}"
EndProject
Project("{FAE04EC0-301F-11D3-BF4B-00C04F79EFBC}") = "Model_TasksToDo", "..\Model_TasksToDo\Model_TasksToDo.csproj", "{130B90EF-607D-4AB0-AFF5-E0C48E474A7D}"
EndProject
Project("{FAE04EC0-301F-11D3-BF4B-00C04F79EFBC}") = "UserControlForms", "..\UserControlForms\UserControlForms.csproj", "{F47BAD34-C1D0-4A7B-9DAE-B5BC2123E9D7}"
EndProject
Project("{2150E333-8FDC-42A3-9474-1A3956D46DE8}") = "MVVMDataGrid", "MVVMDataGrid", "{BDB7545E-7515-4D94-9037-D11207EE50B9}"
EndProject
Project("{FAE04EC0-301F-11D3-BF4B-00C04F79EFBC}") = "View", "..\MVVMDataGrid\View\View.csproj", "{6D1185CD-21B8-4CE0-A7C5-72F5A20AA701}"
EndProject
Project("{FAE04EC0-301F-11D3-BF4B-00C04F79EFBC}") = "ViewModel", "..\MVVMDataGrid\ViewModel\ViewModel.csproj", "{4AFD58F2-AB57-4FBC-8138-DDA331733FC7}"
EndProject
Project("{FAE04EC0-301F-11D3-BF4B-00C04F79EFBC}") = "Model", "..\MVVMDataGrid\Model\Model.csproj", "{576DBD8F-42E3-441D-9E33-ED8FB3610914}"
EndProject
Project("{FAE04EC0-301F-11D3-BF4B-00C04F79EFBC}") = "WpfControlLibrary", "..\MVVMDataGrid\WpfControlLibrary\WpfControlLibrary.csproj", "{894FB519-1995-44D5-82A1-474A78180EB7}"
EndProject
Global
	GlobalSection(SolutionConfigurationPlatforms) = preSolution
		Debug|Any CPU = Debug|Any CPU
		Release|Any CPU = Release|Any CPU
	EndGlobalSection
	GlobalSection(ProjectConfigurationPlatforms) = postSolution
		{C64E4A5A-FE34-4B46-ADDC-F7A07B086AE2}.Debug|Any CPU.ActiveCfg = Debug|Any CPU
		{C64E4A5A-FE34-4B46-ADDC-F7A07B086AE2}.Debug|Any CPU.Build.0 = Debug|Any CPU
		{C64E4A5A-FE34-4B46-ADDC-F7A07B086AE2}.Release|Any CPU.ActiveCfg = Release|Any CPU
		{C64E4A5A-FE34-4B46-ADDC-F7A07B086AE2}.Release|Any CPU.Build.0 = Release|Any CPU
		{406A7B7D-85D1-40BA-AE3B-1DA52B94E928}.Debug|Any CPU.ActiveCfg = Debug|Any CPU
		{406A7B7D-85D1-40BA-AE3B-1DA52B94E928}.Debug|Any CPU.Build.0 = Debug|Any CPU
		{406A7B7D-85D1-40BA-AE3B-1DA52B94E928}.Release|Any CPU.ActiveCfg = Release|Any CPU
		{406A7B7D-85D1-40BA-AE3B-1DA52B94E928}.Release|Any CPU.Build.0 = Release|Any CPU
		{8C307C7D-6172-4A74-898A-318E2015728C}.Debug|Any CPU.ActiveCfg = Debug|Any CPU
		{8C307C7D-6172-4A74-898A-318E2015728C}.Debug|Any CPU.Build.0 = Debug|Any CPU
		{8C307C7D-6172-4A74-898A-318E2015728C}.Release|Any CPU.ActiveCfg = Release|Any CPU
		{8C307C7D-6172-4A74-898A-318E2015728C}.Release|Any CPU.Build.0 = Release|Any CPU
		{2B64920C-DB0A-4131-BFBF-94E7995419B6}.Debug|Any CPU.ActiveCfg = Debug|Any CPU
		{2B64920C-DB0A-4131-BFBF-94E7995419B6}.Debug|Any CPU.Build.0 = Debug|Any CPU
		{2B64920C-DB0A-4131-BFBF-94E7995419B6}.Release|Any CPU.ActiveCfg = Release|Any CPU
		{2B64920C-DB0A-4131-BFBF-94E7995419B6}.Release|Any CPU.Build.0 = Release|Any CPU
		{8CE336EE-8099-4EEE-8B69-C22043947F15}.Debug|Any CPU.ActiveCfg = Debug|Any CPU
		{8CE336EE-8099-4EEE-8B69-C22043947F15}.Debug|Any CPU.Build.0 = Debug|Any CPU
		{8CE336EE-8099-4EEE-8B69-C22043947F15}.Release|Any CPU.ActiveCfg = Release|Any CPU
		{8CE336EE-8099-4EEE-8B69-C22043947F15}.Release|Any CPU.Build.0 = Release|Any CPU
		{A08589D9-903B-4F7A-BB3C-721CF20541E0}.Debug|Any CPU.ActiveCfg = Debug|Any CPU
		{A08589D9-903B-4F7A-BB3C-721CF20541E0}.Debug|Any CPU.Build.0 = Debug|Any CPU
		{A08589D9-903B-4F7A-BB3C-721CF20541E0}.Release|Any CPU.ActiveCfg = Release|Any CPU
		{A08589D9-903B-4F7A-BB3C-721CF20541E0}.Release|Any CPU.Build.0 = Release|Any CPU
		{130B90EF-607D-4AB0-AFF5-E0C48E474A7D}.Debug|Any CPU.ActiveCfg = Debug|Any CPU
		{130B90EF-607D-4AB0-AFF5-E0C48E474A7D}.Debug|Any CPU.Build.0 = Debug|Any CPU
		{130B90EF-607D-4AB0-AFF5-E0C48E474A7D}.Release|Any CPU.ActiveCfg = Release|Any CPU
		{130B90EF-607D-4AB0-AFF5-E0C48E474A7D}.Release|Any CPU.Build.0 = Release|Any CPU
		{F47BAD34-C1D0-4A7B-9DAE-B5BC2123E9D7}.Debug|Any CPU.ActiveCfg = Debug|Any CPU
		{F47BAD34-C1D0-4A7B-9DAE-B5BC2123E9D7}.Debug|Any CPU.Build.0 = Debug|Any CPU
		{F47BAD34-C1D0-4A7B-9DAE-B5BC2123E9D7}.Release|Any CPU.ActiveCfg = Release|Any CPU
		{F47BAD34-C1D0-4A7B-9DAE-B5BC2123E9D7}.Release|Any CPU.Build.0 = Release|Any CPU
		{6D1185CD-21B8-4CE0-A7C5-72F5A20AA701}.Debug|Any CPU.ActiveCfg = Debug|Any CPU
		{6D1185CD-21B8-4CE0-A7C5-72F5A20AA701}.Debug|Any CPU.Build.0 = Debug|Any CPU
		{6D1185CD-21B8-4CE0-A7C5-72F5A20AA701}.Release|Any CPU.ActiveCfg = Release|Any CPU
		{6D1185CD-21B8-4CE0-A7C5-72F5A20AA701}.Release|Any CPU.Build.0 = Release|Any CPU
		{4AFD58F2-AB57-4FBC-8138-DDA331733FC7}.Debug|Any CPU.ActiveCfg = Debug|Any CPU
		{4AFD58F2-AB57-4FBC-8138-DDA331733FC7}.Debug|Any CPU.Build.0 = Debug|Any CPU
		{4AFD58F2-AB57-4FBC-8138-DDA331733FC7}.Release|Any CPU.ActiveCfg = Release|Any CPU
		{4AFD58F2-AB57-4FBC-8138-DDA331733FC7}.Release|Any CPU.Build.0 = Release|Any CPU
		{576DBD8F-42E3-441D-9E33-ED8FB3610914}.Debug|Any CPU.ActiveCfg = Debug|Any CPU
		{576DBD8F-42E3-441D-9E33-ED8FB3610914}.Debug|Any CPU.Build.0 = Debug|Any CPU
		{576DBD8F-42E3-441D-9E33-ED8FB3610914}.Release|Any CPU.ActiveCfg = Release|Any CPU
		{576DBD8F-42E3-441D-9E33-ED8FB3610914}.Release|Any CPU.Build.0 = Release|Any CPU
		{894FB519-1995-44D5-82A1-474A78180EB7}.Debug|Any CPU.ActiveCfg = Debug|Any CPU
		{894FB519-1995-44D5-82A1-474A78180EB7}.Debug|Any CPU.Build.0 = Debug|Any CPU
		{894FB519-1995-44D5-82A1-474A78180EB7}.Release|Any CPU.ActiveCfg = Release|Any CPU
		{894FB519-1995-44D5-82A1-474A78180EB7}.Release|Any CPU.Build.0 = Release|Any CPU
	EndGlobalSection
	GlobalSection(SolutionProperties) = preSolution
		HideSolutionNode = FALSE
	EndGlobalSection
	GlobalSection(NestedProjects) = preSolution
		{8CE336EE-8099-4EEE-8B69-C22043947F15} = {36D591C7-65C7-A0D1-1CBC-10CDE441BDC8}
		{A08589D9-903B-4F7A-BB3C-721CF20541E0} = {36D591C7-65C7-A0D1-1CBC-10CDE441BDC8}
		{130B90EF-607D-4AB0-AFF5-E0C48E474A7D} = {36D591C7-65C7-A0D1-1CBC-10CDE441BDC8}
		{6D1185CD-21B8-4CE0-A7C5-72F5A20AA701} = {BDB7545E-7515-4D94-9037-D11207EE50B9}
		{4AFD58F2-AB57-4FBC-8138-DDA331733FC7} = {BDB7545E-7515-4D94-9037-D11207EE50B9}
		{576DBD8F-42E3-441D-9E33-ED8FB3610914} = {BDB7545E-7515-4D94-9037-D11207EE50B9}
		{894FB519-1995-44D5-82A1-474A78180EB7} = {BDB7545E-7515-4D94-9037-D11207EE50B9}
	EndGlobalSection
	GlobalSection(ExtensibilityGlobals) = postSolution
		SolutionGuid = {4E1FFD66-8BDD-4A30-BBCC-ADE7EEA8FBF5}
	EndGlobalSection
EndGlobal
