
Microsoft Visual Studio Solution File, Format Version 12.00
# Visual Studio Version 17
VisualStudioVersion = 17.13.35828.75
MinimumVisualStudioVersion = 10.0.40219.1
Project("{FAE04EC0-301F-11D3-BF4B-00C04F79EFBC}") = "bv425dzWPF", "bv425dzWPF.csproj", "{C64E4A5A-FE34-4B46-ADDC-F7A07B086AE2}"
EndProject
Project("{FAE04EC0-301F-11D3-BF4B-00C04F79EFBC}") = "TableInDataGrid", "..\TableInDataGrid\TableInDataGrid.csproj", "{406A7B7D-85D1-40BA-AE3B-1DA52B94E928}"
EndProject
Project("{FAE04EC0-301F-11D3-BF4B-00C04F79EFBC}") = "TestsInDifferentWindows", "..\TestsInDifferentWindows\TestsInDifferentWindows.csproj", "{8C307C7D-6172-4A74-898A-318E2015728C}"
EndProject
Project("{FAE04EC0-301F-11D3-BF4B-00C04F79EFBC}") = "MenuWithFrames", "..\MenuWithFrames\MenuWithFrames.csproj", "{2B64920C-DB0A-4131-BFBF-94E7995419B6}"
EndProject
Global
	GlobalSection(SolutionConfigurationPlatforms) = preSolution
		Debug|Any CPU = Debug|Any CPU
		Release|Any CPU = Release|Any CPU
	EndGlobalSection
	GlobalSection(ProjectConfigurationPlatforms) = postSolution
		{C64E4A5A-FE34-4B46-ADDC-F7A07B086AE2}.Debug|Any CPU.ActiveCfg = Debug|Any CPU
		{C64E4A5A-FE34-4B46-ADDC-F7A07B086AE2}.Debug|Any CPU.Build.0 = Debug|Any CPU
		{C64E4A5A-FE34-4B46-ADDC-F7A07B086AE2}.Release|Any CPU.ActiveCfg = Release|Any CPU
		{C64E4A5A-FE34-4B46-ADDC-F7A07B086AE2}.Release|Any CPU.Build.0 = Release|Any CPU
		{406A7B7D-85D1-40BA-AE3B-1DA52B94E928}.Debug|Any CPU.ActiveCfg = Debug|Any CPU
		{406A7B7D-85D1-40BA-AE3B-1DA52B94E928}.Debug|Any CPU.Build.0 = Debug|Any CPU
		{406A7B7D-85D1-40BA-AE3B-1DA52B94E928}.Release|Any CPU.ActiveCfg = Release|Any CPU
		{406A7B7D-85D1-40BA-AE3B-1DA52B94E928}.Release|Any CPU.Build.0 = Release|Any CPU
		{8C307C7D-6172-4A74-898A-318E2015728C}.Debug|Any CPU.ActiveCfg = Debug|Any CPU
		{8C307C7D-6172-4A74-898A-318E2015728C}.Debug|Any CPU.Build.0 = Debug|Any CPU
		{8C307C7D-6172-4A74-898A-318E2015728C}.Release|Any CPU.ActiveCfg = Release|Any CPU
		{8C307C7D-6172-4A74-898A-318E2015728C}.Release|Any CPU.Build.0 = Release|Any CPU
		{2B64920C-DB0A-4131-BFBF-94E7995419B6}.Debug|Any CPU.ActiveCfg = Debug|Any CPU
		{2B64920C-DB0A-4131-BFBF-94E7995419B6}.Debug|Any CPU.Build.0 = Debug|Any CPU
		{2B64920C-DB0A-4131-BFBF-94E7995419B6}.Release|Any CPU.ActiveCfg = Release|Any CPU
		{2B64920C-DB0A-4131-BFBF-94E7995419B6}.Release|Any CPU.Build.0 = Release|Any CPU
	EndGlobalSection
	GlobalSection(SolutionProperties) = preSolution
		HideSolutionNode = FALSE
	EndGlobalSection
	GlobalSection(ExtensibilityGlobals) = postSolution
		SolutionGuid = {4E1FFD66-8BDD-4A30-BBCC-ADE7EEA8FBF5}
	EndGlobalSection
EndGlobal
